
Microsoft Visual Studio Solution File, Format Version 12.00
# Visual Studio Version 17
VisualStudioVersion = 17.1.32228.430
MinimumVisualStudioVersion = 10.0.40219.1
Project("{FAE04EC0-301F-11D3-BF4B-00C04F79EFBC}") = "dns", "dns\dns.csproj", "{D5135B1A-8607-4EC2-AA52-4AAC27E58357}"
EndProject
Global
	GlobalSection(SolutionConfigurationPlatforms) = preSolution
		Debug|Any CPU = Debug|Any CPU
		Release|Any CPU = Release|Any CPU
	EndGlobalSection
	GlobalSection(ProjectConfigurationPlatforms) = postSolution
		{D5135B1A-8607-4EC2-AA52-4AAC27E58357}.Debug|Any CPU.ActiveCfg = Debug|Any CPU
		{D5135B1A-8607-4EC2-AA52-4AAC27E58357}.Debug|Any CPU.Build.0 = Debug|Any CPU
		{D5135B1A-8607-4EC2-AA52-4AAC27E58357}.Release|Any CPU.ActiveCfg = Release|Any CPU
		{D5135B1A-8607-4EC2-AA52-4AAC27E58357}.Release|Any CPU.Build.0 = Release|Any CPU
	EndGlobalSection
	GlobalSection(SolutionProperties) = preSolution
		HideSolutionNode = FALSE
	EndGlobalSection
	GlobalSection(ExtensibilityGlobals) = postSolution
		SolutionGuid = {B14ADFBD-910F-4E6F-B24A-7E56C5948351}
	EndGlobalSection
EndGlobal
